
Microsoft Visual Studio Solution File, Format Version 12.00
# Visual Studio 15
VisualStudioVersion = 15.0.26430.15
MinimumVisualStudioVersion = 10.0.40219.1
Project("{FAE04EC0-301F-11D3-BF4B-00C04F79EFBC}") = "App2.Android", "App2\App2.Android\App2.Android.csproj", "{11F69BF4-350D-4690-AFD5-6B6D8DE7C20D}"
EndProject
Project("{FAE04EC0-301F-11D3-BF4B-00C04F79EFBC}") = "App2", "App2\App2\App2.csproj", "{AC26ADB4-A524-44CD-9368-91D90321CEBC}"
EndProject
Project("{FAE04EC0-301F-11D3-BF4B-00C04F79EFBC}") = "App2.UWP", "App2\App2.UWP\App2.UWP.csproj", "{F24CEFD1-C0DB-427B-A6FA-918215BD9EBB}"
EndProject
Project("{FAE04EC0-301F-11D3-BF4B-00C04F79EFBC}") = "App2.iOS", "App2\App2.iOS\App2.iOS.csproj", "{EF864AAA-EBAC-4EC9-AB33-148C3EA14D05}"
EndProject
Global
	GlobalSection(SolutionConfigurationPlatforms) = preSolution
		Ad-Hoc|Any CPU = Ad-Hoc|Any CPU
		Ad-Hoc|ARM = Ad-Hoc|ARM
		Ad-Hoc|iPhone = Ad-Hoc|iPhone
		Ad-Hoc|iPhoneSimulator = Ad-Hoc|iPhoneSimulator
		Ad-Hoc|x64 = Ad-Hoc|x64
		Ad-Hoc|x86 = Ad-Hoc|x86
		AppStore|Any CPU = AppStore|Any CPU
		AppStore|ARM = AppStore|ARM
		AppStore|iPhone = AppStore|iPhone
		AppStore|iPhoneSimulator = AppStore|iPhoneSimulator
		AppStore|x64 = AppStore|x64
		AppStore|x86 = AppStore|x86
		Debug|Any CPU = Debug|Any CPU
		Debug|ARM = Debug|ARM
		Debug|iPhone = Debug|iPhone
		Debug|iPhoneSimulator = Debug|iPhoneSimulator
		Debug|x64 = Debug|x64
		Debug|x86 = Debug|x86
		Release|Any CPU = Release|Any CPU
		Release|ARM = Release|ARM
		Release|iPhone = Release|iPhone
		Release|iPhoneSimulator = Release|iPhoneSimulator
		Release|x64 = Release|x64
		Release|x86 = Release|x86
	EndGlobalSection
	GlobalSection(ProjectConfigurationPlatforms) = postSolution
		{11F69BF4-350D-4690-AFD5-6B6D8DE7C20D}.Ad-Hoc|Any CPU.ActiveCfg = Release|Any CPU
		{11F69BF4-350D-4690-AFD5-6B6D8DE7C20D}.Ad-Hoc|Any CPU.Build.0 = Release|Any CPU
		{11F69BF4-350D-4690-AFD5-6B6D8DE7C20D}.Ad-Hoc|Any CPU.Deploy.0 = Release|Any CPU
		{11F69BF4-350D-4690-AFD5-6B6D8DE7C20D}.Ad-Hoc|ARM.ActiveCfg = Release|Any CPU
		{11F69BF4-350D-4690-AFD5-6B6D8DE7C20D}.Ad-Hoc|ARM.Build.0 = Release|Any CPU
		{11F69BF4-350D-4690-AFD5-6B6D8DE7C20D}.Ad-Hoc|ARM.Deploy.0 = Release|Any CPU
		{11F69BF4-350D-4690-AFD5-6B6D8DE7C20D}.Ad-Hoc|iPhone.ActiveCfg = Release|Any CPU
		{11F69BF4-350D-4690-AFD5-6B6D8DE7C20D}.Ad-Hoc|iPhone.Build.0 = Release|Any CPU
		{11F69BF4-350D-4690-AFD5-6B6D8DE7C20D}.Ad-Hoc|iPhone.Deploy.0 = Release|Any CPU
		{11F69BF4-350D-4690-AFD5-6B6D8DE7C20D}.Ad-Hoc|iPhoneSimulator.ActiveCfg = Release|Any CPU
		{11F69BF4-350D-4690-AFD5-6B6D8DE7C20D}.Ad-Hoc|iPhoneSimulator.Build.0 = Release|Any CPU
		{11F69BF4-350D-4690-AFD5-6B6D8DE7C20D}.Ad-Hoc|iPhoneSimulator.Deploy.0 = Release|Any CPU
		{11F69BF4-350D-4690-AFD5-6B6D8DE7C20D}.Ad-Hoc|x64.ActiveCfg = Release|Any CPU
		{11F69BF4-350D-4690-AFD5-6B6D8DE7C20D}.Ad-Hoc|x64.Build.0 = Release|Any CPU
		{11F69BF4-350D-4690-AFD5-6B6D8DE7C20D}.Ad-Hoc|x64.Deploy.0 = Release|Any CPU
		{11F69BF4-350D-4690-AFD5-6B6D8DE7C20D}.Ad-Hoc|x86.ActiveCfg = Release|Any CPU
		{11F69BF4-350D-4690-AFD5-6B6D8DE7C20D}.Ad-Hoc|x86.Build.0 = Release|Any CPU
		{11F69BF4-350D-4690-AFD5-6B6D8DE7C20D}.Ad-Hoc|x86.Deploy.0 = Release|Any CPU
		{11F69BF4-350D-4690-AFD5-6B6D8DE7C20D}.AppStore|Any CPU.ActiveCfg = Release|Any CPU
		{11F69BF4-350D-4690-AFD5-6B6D8DE7C20D}.AppStore|Any CPU.Build.0 = Release|Any CPU
		{11F69BF4-350D-4690-AFD5-6B6D8DE7C20D}.AppStore|Any CPU.Deploy.0 = Release|Any CPU
		{11F69BF4-350D-4690-AFD5-6B6D8DE7C20D}.AppStore|ARM.ActiveCfg = Release|Any CPU
		{11F69BF4-350D-4690-AFD5-6B6D8DE7C20D}.AppStore|ARM.Build.0 = Release|Any CPU
		{11F69BF4-350D-4690-AFD5-6B6D8DE7C20D}.AppStore|ARM.Deploy.0 = Release|Any CPU
		{11F69BF4-350D-4690-AFD5-6B6D8DE7C20D}.AppStore|iPhone.ActiveCfg = Release|Any CPU
		{11F69BF4-350D-4690-AFD5-6B6D8DE7C20D}.AppStore|iPhone.Build.0 = Release|Any CPU
		{11F69BF4-350D-4690-AFD5-6B6D8DE7C20D}.AppStore|iPhone.Deploy.0 = Release|Any CPU
		{11F69BF4-350D-4690-AFD5-6B6D8DE7C20D}.AppStore|iPhoneSimulator.ActiveCfg = Release|Any CPU
		{11F69BF4-350D-4690-AFD5-6B6D8DE7C20D}.AppStore|iPhoneSimulator.Build.0 = Release|Any CPU
		{11F69BF4-350D-4690-AFD5-6B6D8DE7C20D}.AppStore|iPhoneSimulator.Deploy.0 = Release|Any CPU
		{11F69BF4-350D-4690-AFD5-6B6D8DE7C20D}.AppStore|x64.ActiveCfg = Release|Any CPU
		{11F69BF4-350D-4690-AFD5-6B6D8DE7C20D}.AppStore|x64.Build.0 = Release|Any CPU
		{11F69BF4-350D-4690-AFD5-6B6D8DE7C20D}.AppStore|x64.Deploy.0 = Release|Any CPU
		{11F69BF4-350D-4690-AFD5-6B6D8DE7C20D}.AppStore|x86.ActiveCfg = Release|Any CPU
		{11F69BF4-350D-4690-AFD5-6B6D8DE7C20D}.AppStore|x86.Build.0 = Release|Any CPU
		{11F69BF4-350D-4690-AFD5-6B6D8DE7C20D}.AppStore|x86.Deploy.0 = Release|Any CPU
		{11F69BF4-350D-4690-AFD5-6B6D8DE7C20D}.Debug|Any CPU.ActiveCfg = Debug|Any CPU
		{11F69BF4-350D-4690-AFD5-6B6D8DE7C20D}.Debug|Any CPU.Build.0 = Debug|Any CPU
		{11F69BF4-350D-4690-AFD5-6B6D8DE7C20D}.Debug|Any CPU.Deploy.0 = Debug|Any CPU
		{11F69BF4-350D-4690-AFD5-6B6D8DE7C20D}.Debug|ARM.ActiveCfg = Debug|Any CPU
		{11F69BF4-350D-4690-AFD5-6B6D8DE7C20D}.Debug|ARM.Build.0 = Debug|Any CPU
		{11F69BF4-350D-4690-AFD5-6B6D8DE7C20D}.Debug|ARM.Deploy.0 = Debug|Any CPU
		{11F69BF4-350D-4690-AFD5-6B6D8DE7C20D}.Debug|iPhone.ActiveCfg = Debug|Any CPU
		{11F69BF4-350D-4690-AFD5-6B6D8DE7C20D}.Debug|iPhone.Build.0 = Debug|Any CPU
		{11F69BF4-350D-4690-AFD5-6B6D8DE7C20D}.Debug|iPhone.Deploy.0 = Debug|Any CPU
		{11F69BF4-350D-4690-AFD5-6B6D8DE7C20D}.Debug|iPhoneSimulator.ActiveCfg = Debug|Any CPU
		{11F69BF4-350D-4690-AFD5-6B6D8DE7C20D}.Debug|iPhoneSimulator.Build.0 = Debug|Any CPU
		{11F69BF4-350D-4690-AFD5-6B6D8DE7C20D}.Debug|iPhoneSimulator.Deploy.0 = Debug|Any CPU
		{11F69BF4-350D-4690-AFD5-6B6D8DE7C20D}.Debug|x64.ActiveCfg = Debug|Any CPU
		{11F69BF4-350D-4690-AFD5-6B6D8DE7C20D}.Debug|x64.Build.0 = Debug|Any CPU
		{11F69BF4-350D-4690-AFD5-6B6D8DE7C20D}.Debug|x64.Deploy.0 = Debug|Any CPU
		{11F69BF4-350D-4690-AFD5-6B6D8DE7C20D}.Debug|x86.ActiveCfg = Debug|Any CPU
		{11F69BF4-350D-4690-AFD5-6B6D8DE7C20D}.Debug|x86.Build.0 = Debug|Any CPU
		{11F69BF4-350D-4690-AFD5-6B6D8DE7C20D}.Debug|x86.Deploy.0 = Debug|Any CPU
		{11F69BF4-350D-4690-AFD5-6B6D8DE7C20D}.Release|Any CPU.ActiveCfg = Release|Any CPU
		{11F69BF4-350D-4690-AFD5-6B6D8DE7C20D}.Release|Any CPU.Build.0 = Release|Any CPU
		{11F69BF4-350D-4690-AFD5-6B6D8DE7C20D}.Release|Any CPU.Deploy.0 = Release|Any CPU
		{11F69BF4-350D-4690-AFD5-6B6D8DE7C20D}.Release|ARM.ActiveCfg = Release|Any CPU
		{11F69BF4-350D-4690-AFD5-6B6D8DE7C20D}.Release|ARM.Build.0 = Release|Any CPU
		{11F69BF4-350D-4690-AFD5-6B6D8DE7C20D}.Release|ARM.Deploy.0 = Release|Any CPU
		{11F69BF4-350D-4690-AFD5-6B6D8DE7C20D}.Release|iPhone.ActiveCfg = Release|Any CPU
		{11F69BF4-350D-4690-AFD5-6B6D8DE7C20D}.Release|iPhone.Build.0 = Release|Any CPU
		{11F69BF4-350D-4690-AFD5-6B6D8DE7C20D}.Release|iPhone.Deploy.0 = Release|Any CPU
		{11F69BF4-350D-4690-AFD5-6B6D8DE7C20D}.Release|iPhoneSimulator.ActiveCfg = Release|Any CPU
		{11F69BF4-350D-4690-AFD5-6B6D8DE7C20D}.Release|iPhoneSimulator.Build.0 = Release|Any CPU
		{11F69BF4-350D-4690-AFD5-6B6D8DE7C20D}.Release|iPhoneSimulator.Deploy.0 = Release|Any CPU
		{11F69BF4-350D-4690-AFD5-6B6D8DE7C20D}.Release|x64.ActiveCfg = Release|Any CPU
		{11F69BF4-350D-4690-AFD5-6B6D8DE7C20D}.Release|x64.Build.0 = Release|Any CPU
		{11F69BF4-350D-4690-AFD5-6B6D8DE7C20D}.Release|x64.Deploy.0 = Release|Any CPU
		{11F69BF4-350D-4690-AFD5-6B6D8DE7C20D}.Release|x86.ActiveCfg = Release|Any CPU
		{11F69BF4-350D-4690-AFD5-6B6D8DE7C20D}.Release|x86.Build.0 = Release|Any CPU
		{11F69BF4-350D-4690-AFD5-6B6D8DE7C20D}.Release|x86.Deploy.0 = Release|Any CPU
		{AC26ADB4-A524-44CD-9368-91D90321CEBC}.Ad-Hoc|Any CPU.ActiveCfg = Release|Any CPU
		{AC26ADB4-A524-44CD-9368-91D90321CEBC}.Ad-Hoc|Any CPU.Build.0 = Release|Any CPU
		{AC26ADB4-A524-44CD-9368-91D90321CEBC}.Ad-Hoc|ARM.ActiveCfg = Release|Any CPU
		{AC26ADB4-A524-44CD-9368-91D90321CEBC}.Ad-Hoc|ARM.Build.0 = Release|Any CPU
		{AC26ADB4-A524-44CD-9368-91D90321CEBC}.Ad-Hoc|iPhone.ActiveCfg = Release|Any CPU
		{AC26ADB4-A524-44CD-9368-91D90321CEBC}.Ad-Hoc|iPhone.Build.0 = Release|Any CPU
		{AC26ADB4-A524-44CD-9368-91D90321CEBC}.Ad-Hoc|iPhoneSimulator.ActiveCfg = Release|Any CPU
		{AC26ADB4-A524-44CD-9368-91D90321CEBC}.Ad-Hoc|iPhoneSimulator.Build.0 = Release|Any CPU
		{AC26ADB4-A524-44CD-9368-91D90321CEBC}.Ad-Hoc|x64.ActiveCfg = Release|Any CPU
		{AC26ADB4-A524-44CD-9368-91D90321CEBC}.Ad-Hoc|x64.Build.0 = Release|Any CPU
		{AC26ADB4-A524-44CD-9368-91D90321CEBC}.Ad-Hoc|x86.ActiveCfg = Release|Any CPU
		{AC26ADB4-A524-44CD-9368-91D90321CEBC}.Ad-Hoc|x86.Build.0 = Release|Any CPU
		{AC26ADB4-A524-44CD-9368-91D90321CEBC}.AppStore|Any CPU.ActiveCfg = Release|Any CPU
		{AC26ADB4-A524-44CD-9368-91D90321CEBC}.AppStore|Any CPU.Build.0 = Release|Any CPU
		{AC26ADB4-A524-44CD-9368-91D90321CEBC}.AppStore|ARM.ActiveCfg = Release|Any CPU
		{AC26ADB4-A524-44CD-9368-91D90321CEBC}.AppStore|ARM.Build.0 = Release|Any CPU
		{AC26ADB4-A524-44CD-9368-91D90321CEBC}.AppStore|iPhone.ActiveCfg = Release|Any CPU
		{AC26ADB4-A524-44CD-9368-91D90321CEBC}.AppStore|iPhone.Build.0 = Release|Any CPU
		{AC26ADB4-A524-44CD-9368-91D90321CEBC}.AppStore|iPhoneSimulator.ActiveCfg = Release|Any CPU
		{AC26ADB4-A524-44CD-9368-91D90321CEBC}.AppStore|iPhoneSimulator.Build.0 = Release|Any CPU
		{AC26ADB4-A524-44CD-9368-91D90321CEBC}.AppStore|x64.ActiveCfg = Release|Any CPU
		{AC26ADB4-A524-44CD-9368-91D90321CEBC}.AppStore|x64.Build.0 = Release|Any CPU
		{AC26ADB4-A524-44CD-9368-91D90321CEBC}.AppStore|x86.ActiveCfg = Release|Any CPU
		{AC26ADB4-A524-44CD-9368-91D90321CEBC}.AppStore|x86.Build.0 = Release|Any CPU
		{AC26ADB4-A524-44CD-9368-91D90321CEBC}.Debug|Any CPU.ActiveCfg = Debug|Any CPU
		{AC26ADB4-A524-44CD-9368-91D90321CEBC}.Debug|Any CPU.Build.0 = Debug|Any CPU
		{AC26ADB4-A524-44CD-9368-91D90321CEBC}.Debug|ARM.ActiveCfg = Debug|Any CPU
		{AC26ADB4-A524-44CD-9368-91D90321CEBC}.Debug|ARM.Build.0 = Debug|Any CPU
		{AC26ADB4-A524-44CD-9368-91D90321CEBC}.Debug|iPhone.ActiveCfg = Debug|Any CPU
		{AC26ADB4-A524-44CD-9368-91D90321CEBC}.Debug|iPhone.Build.0 = Debug|Any CPU
		{AC26ADB4-A524-44CD-9368-91D90321CEBC}.Debug|iPhoneSimulator.ActiveCfg = Debug|Any CPU
		{AC26ADB4-A524-44CD-9368-91D90321CEBC}.Debug|iPhoneSimulator.Build.0 = Debug|Any CPU
		{AC26ADB4-A524-44CD-9368-91D90321CEBC}.Debug|x64.ActiveCfg = Debug|Any CPU
		{AC26ADB4-A524-44CD-9368-91D90321CEBC}.Debug|x64.Build.0 = Debug|Any CPU
		{AC26ADB4-A524-44CD-9368-91D90321CEBC}.Debug|x86.ActiveCfg = Debug|Any CPU
		{AC26ADB4-A524-44CD-9368-91D90321CEBC}.Debug|x86.Build.0 = Debug|Any CPU
		{AC26ADB4-A524-44CD-9368-91D90321CEBC}.Release|Any CPU.ActiveCfg = Release|Any CPU
		{AC26ADB4-A524-44CD-9368-91D90321CEBC}.Release|Any CPU.Build.0 = Release|Any CPU
		{AC26ADB4-A524-44CD-9368-91D90321CEBC}.Release|ARM.ActiveCfg = Release|Any CPU
		{AC26ADB4-A524-44CD-9368-91D90321CEBC}.Release|ARM.Build.0 = Release|Any CPU
		{AC26ADB4-A524-44CD-9368-91D90321CEBC}.Release|iPhone.ActiveCfg = Release|Any CPU
		{AC26ADB4-A524-44CD-9368-91D90321CEBC}.Release|iPhone.Build.0 = Release|Any CPU
		{AC26ADB4-A524-44CD-9368-91D90321CEBC}.Release|iPhoneSimulator.ActiveCfg = Release|Any CPU
		{AC26ADB4-A524-44CD-9368-91D90321CEBC}.Release|iPhoneSimulator.Build.0 = Release|Any CPU
		{AC26ADB4-A524-44CD-9368-91D90321CEBC}.Release|x64.ActiveCfg = Release|Any CPU
		{AC26ADB4-A524-44CD-9368-91D90321CEBC}.Release|x64.Build.0 = Release|Any CPU
		{AC26ADB4-A524-44CD-9368-91D90321CEBC}.Release|x86.ActiveCfg = Release|Any CPU
		{AC26ADB4-A524-44CD-9368-91D90321CEBC}.Release|x86.Build.0 = Release|Any CPU
		{F24CEFD1-C0DB-427B-A6FA-918215BD9EBB}.Ad-Hoc|Any CPU.ActiveCfg = Release|x86
		{F24CEFD1-C0DB-427B-A6FA-918215BD9EBB}.Ad-Hoc|Any CPU.Build.0 = Release|x86
		{F24CEFD1-C0DB-427B-A6FA-918215BD9EBB}.Ad-Hoc|Any CPU.Deploy.0 = Release|x86
		{F24CEFD1-C0DB-427B-A6FA-918215BD9EBB}.Ad-Hoc|ARM.ActiveCfg = Release|ARM
		{F24CEFD1-C0DB-427B-A6FA-918215BD9EBB}.Ad-Hoc|ARM.Build.0 = Release|ARM
		{F24CEFD1-C0DB-427B-A6FA-918215BD9EBB}.Ad-Hoc|ARM.Deploy.0 = Release|ARM
		{F24CEFD1-C0DB-427B-A6FA-918215BD9EBB}.Ad-Hoc|iPhone.ActiveCfg = Release|x86
		{F24CEFD1-C0DB-427B-A6FA-918215BD9EBB}.Ad-Hoc|iPhone.Build.0 = Release|x86
		{F24CEFD1-C0DB-427B-A6FA-918215BD9EBB}.Ad-Hoc|iPhone.Deploy.0 = Release|x86
		{F24CEFD1-C0DB-427B-A6FA-918215BD9EBB}.Ad-Hoc|iPhoneSimulator.ActiveCfg = Release|x86
		{F24CEFD1-C0DB-427B-A6FA-918215BD9EBB}.Ad-Hoc|iPhoneSimulator.Build.0 = Release|x86
		{F24CEFD1-C0DB-427B-A6FA-918215BD9EBB}.Ad-Hoc|iPhoneSimulator.Deploy.0 = Release|x86
		{F24CEFD1-C0DB-427B-A6FA-918215BD9EBB}.Ad-Hoc|x64.ActiveCfg = Release|x64
		{F24CEFD1-C0DB-427B-A6FA-918215BD9EBB}.Ad-Hoc|x64.Build.0 = Release|x64
		{F24CEFD1-C0DB-427B-A6FA-918215BD9EBB}.Ad-Hoc|x64.Deploy.0 = Release|x64
		{F24CEFD1-C0DB-427B-A6FA-918215BD9EBB}.Ad-Hoc|x86.ActiveCfg = Release|x86
		{F24CEFD1-C0DB-427B-A6FA-918215BD9EBB}.Ad-Hoc|x86.Build.0 = Release|x86
		{F24CEFD1-C0DB-427B-A6FA-918215BD9EBB}.Ad-Hoc|x86.Deploy.0 = Release|x86
		{F24CEFD1-C0DB-427B-A6FA-918215BD9EBB}.AppStore|Any CPU.ActiveCfg = Release|x86
		{F24CEFD1-C0DB-427B-A6FA-918215BD9EBB}.AppStore|Any CPU.Build.0 = Release|x86
		{F24CEFD1-C0DB-427B-A6FA-918215BD9EBB}.AppStore|Any CPU.Deploy.0 = Release|x86
		{F24CEFD1-C0DB-427B-A6FA-918215BD9EBB}.AppStore|ARM.ActiveCfg = Release|ARM
		{F24CEFD1-C0DB-427B-A6FA-918215BD9EBB}.AppStore|ARM.Build.0 = Release|ARM
		{F24CEFD1-C0DB-427B-A6FA-918215BD9EBB}.AppStore|ARM.Deploy.0 = Release|ARM
		{F24CEFD1-C0DB-427B-A6FA-918215BD9EBB}.AppStore|iPhone.ActiveCfg = Release|x86
		{F24CEFD1-C0DB-427B-A6FA-918215BD9EBB}.AppStore|iPhone.Build.0 = Release|x86
		{F24CEFD1-C0DB-427B-A6FA-918215BD9EBB}.AppStore|iPhone.Deploy.0 = Release|x86
		{F24CEFD1-C0DB-427B-A6FA-918215BD9EBB}.AppStore|iPhoneSimulator.ActiveCfg = Release|x86
		{F24CEFD1-C0DB-427B-A6FA-918215BD9EBB}.AppStore|iPhoneSimulator.Build.0 = Release|x86
		{F24CEFD1-C0DB-427B-A6FA-918215BD9EBB}.AppStore|iPhoneSimulator.Deploy.0 = Release|x86
		{F24CEFD1-C0DB-427B-A6FA-918215BD9EBB}.AppStore|x64.ActiveCfg = Release|x64
		{F24CEFD1-C0DB-427B-A6FA-918215BD9EBB}.AppStore|x64.Build.0 = Release|x64
		{F24CEFD1-C0DB-427B-A6FA-918215BD9EBB}.AppStore|x64.Deploy.0 = Release|x64
		{F24CEFD1-C0DB-427B-A6FA-918215BD9EBB}.AppStore|x86.ActiveCfg = Release|x86
		{F24CEFD1-C0DB-427B-A6FA-918215BD9EBB}.AppStore|x86.Build.0 = Release|x86
		{F24CEFD1-C0DB-427B-A6FA-918215BD9EBB}.AppStore|x86.Deploy.0 = Release|x86
		{F24CEFD1-C0DB-427B-A6FA-918215BD9EBB}.Debug|Any CPU.ActiveCfg = Debug|x86
		{F24CEFD1-C0DB-427B-A6FA-918215BD9EBB}.Debug|ARM.ActiveCfg = Debug|ARM
		{F24CEFD1-C0DB-427B-A6FA-918215BD9EBB}.Debug|ARM.Build.0 = Debug|ARM
		{F24CEFD1-C0DB-427B-A6FA-918215BD9EBB}.Debug|ARM.Deploy.0 = Debug|ARM
		{F24CEFD1-C0DB-427B-A6FA-918215BD9EBB}.Debug|iPhone.ActiveCfg = Debug|x86
		{F24CEFD1-C0DB-427B-A6FA-918215BD9EBB}.Debug|iPhoneSimulator.ActiveCfg = Debug|x86
		{F24CEFD1-C0DB-427B-A6FA-918215BD9EBB}.Debug|x64.ActiveCfg = Debug|x64
		{F24CEFD1-C0DB-427B-A6FA-918215BD9EBB}.Debug|x64.Build.0 = Debug|x64
		{F24CEFD1-C0DB-427B-A6FA-918215BD9EBB}.Debug|x64.Deploy.0 = Debug|x64
		{F24CEFD1-C0DB-427B-A6FA-918215BD9EBB}.Debug|x86.ActiveCfg = Debug|x86
		{F24CEFD1-C0DB-427B-A6FA-918215BD9EBB}.Debug|x86.Build.0 = Debug|x86
		{F24CEFD1-C0DB-427B-A6FA-918215BD9EBB}.Debug|x86.Deploy.0 = Debug|x86
		{F24CEFD1-C0DB-427B-A6FA-918215BD9EBB}.Release|Any CPU.ActiveCfg = Release|x86
		{F24CEFD1-C0DB-427B-A6FA-918215BD9EBB}.Release|ARM.ActiveCfg = Release|ARM
		{F24CEFD1-C0DB-427B-A6FA-918215BD9EBB}.Release|ARM.Build.0 = Release|ARM
		{F24CEFD1-C0DB-427B-A6FA-918215BD9EBB}.Release|ARM.Deploy.0 = Release|ARM
		{F24CEFD1-C0DB-427B-A6FA-918215BD9EBB}.Release|iPhone.ActiveCfg = Release|x86
		{F24CEFD1-C0DB-427B-A6FA-918215BD9EBB}.Release|iPhoneSimulator.ActiveCfg = Release|x86
		{F24CEFD1-C0DB-427B-A6FA-918215BD9EBB}.Release|x64.ActiveCfg = Release|x64
		{F24CEFD1-C0DB-427B-A6FA-918215BD9EBB}.Release|x64.Build.0 = Release|x64
		{F24CEFD1-C0DB-427B-A6FA-918215BD9EBB}.Release|x64.Deploy.0 = Release|x64
		{F24CEFD1-C0DB-427B-A6FA-918215BD9EBB}.Release|x86.ActiveCfg = Release|x86
		{F24CEFD1-C0DB-427B-A6FA-918215BD9EBB}.Release|x86.Build.0 = Release|x86
		{F24CEFD1-C0DB-427B-A6FA-918215BD9EBB}.Release|x86.Deploy.0 = Release|x86
		{EF864AAA-EBAC-4EC9-AB33-148C3EA14D05}.Ad-Hoc|Any CPU.ActiveCfg = Ad-Hoc|iPhone
		{EF864AAA-EBAC-4EC9-AB33-148C3EA14D05}.Ad-Hoc|ARM.ActiveCfg = Ad-Hoc|iPhone
		{EF864AAA-EBAC-4EC9-AB33-148C3EA14D05}.Ad-Hoc|iPhone.ActiveCfg = Ad-Hoc|iPhone
		{EF864AAA-EBAC-4EC9-AB33-148C3EA14D05}.Ad-Hoc|iPhone.Build.0 = Ad-Hoc|iPhone
		{EF864AAA-EBAC-4EC9-AB33-148C3EA14D05}.Ad-Hoc|iPhoneSimulator.ActiveCfg = Ad-Hoc|iPhoneSimulator
		{EF864AAA-EBAC-4EC9-AB33-148C3EA14D05}.Ad-Hoc|iPhoneSimulator.Build.0 = Ad-Hoc|iPhoneSimulator
		{EF864AAA-EBAC-4EC9-AB33-148C3EA14D05}.Ad-Hoc|x64.ActiveCfg = Ad-Hoc|iPhone
		{EF864AAA-EBAC-4EC9-AB33-148C3EA14D05}.Ad-Hoc|x86.ActiveCfg = Ad-Hoc|iPhone
		{EF864AAA-EBAC-4EC9-AB33-148C3EA14D05}.AppStore|Any CPU.ActiveCfg = AppStore|iPhone
		{EF864AAA-EBAC-4EC9-AB33-148C3EA14D05}.AppStore|ARM.ActiveCfg = AppStore|iPhone
		{EF864AAA-EBAC-4EC9-AB33-148C3EA14D05}.AppStore|iPhone.ActiveCfg = AppStore|iPhone
		{EF864AAA-EBAC-4EC9-AB33-148C3EA14D05}.AppStore|iPhone.Build.0 = AppStore|iPhone
		{EF864AAA-EBAC-4EC9-AB33-148C3EA14D05}.AppStore|iPhoneSimulator.ActiveCfg = AppStore|iPhoneSimulator
		{EF864AAA-EBAC-4EC9-AB33-148C3EA14D05}.AppStore|iPhoneSimulator.Build.0 = AppStore|iPhoneSimulator
		{EF864AAA-EBAC-4EC9-AB33-148C3EA14D05}.AppStore|x64.ActiveCfg = AppStore|iPhone
		{EF864AAA-EBAC-4EC9-AB33-148C3EA14D05}.AppStore|x86.ActiveCfg = AppStore|iPhone
		{EF864AAA-EBAC-4EC9-AB33-148C3EA14D05}.Debug|Any CPU.ActiveCfg = Debug|iPhone
		{EF864AAA-EBAC-4EC9-AB33-148C3EA14D05}.Debug|ARM.ActiveCfg = Debug|iPhone
		{EF864AAA-EBAC-4EC9-AB33-148C3EA14D05}.Debug|iPhone.ActiveCfg = Debug|iPhone
		{EF864AAA-EBAC-4EC9-AB33-148C3EA14D05}.Debug|iPhone.Build.0 = Debug|iPhone
		{EF864AAA-EBAC-4EC9-AB33-148C3EA14D05}.Debug|iPhoneSimulator.ActiveCfg = Debug|iPhoneSimulator
		{EF864AAA-EBAC-4EC9-AB33-148C3EA14D05}.Debug|iPhoneSimulator.Build.0 = Debug|iPhoneSimulator
		{EF864AAA-EBAC-4EC9-AB33-148C3EA14D05}.Debug|x64.ActiveCfg = Debug|iPhone
		{EF864AAA-EBAC-4EC9-AB33-148C3EA14D05}.Debug|x86.ActiveCfg = Debug|iPhone
		{EF864AAA-EBAC-4EC9-AB33-148C3EA14D05}.Release|Any CPU.ActiveCfg = Release|iPhone
		{EF864AAA-EBAC-4EC9-AB33-148C3EA14D05}.Release|ARM.ActiveCfg = Release|iPhone
		{EF864AAA-EBAC-4EC9-AB33-148C3EA14D05}.Release|iPhone.ActiveCfg = Release|iPhone
		{EF864AAA-EBAC-4EC9-AB33-148C3EA14D05}.Release|iPhone.Build.0 = Release|iPhone
		{EF864AAA-EBAC-4EC9-AB33-148C3EA14D05}.Release|iPhoneSimulator.ActiveCfg = Release|iPhoneSimulator
		{EF864AAA-EBAC-4EC9-AB33-148C3EA14D05}.Release|iPhoneSimulator.Build.0 = Release|iPhoneSimulator
		{EF864AAA-EBAC-4EC9-AB33-148C3EA14D05}.Release|x64.ActiveCfg = Release|iPhone
		{EF864AAA-EBAC-4EC9-AB33-148C3EA14D05}.Release|x86.ActiveCfg = Release|iPhone
	EndGlobalSection
	GlobalSection(SolutionProperties) = preSolution
		HideSolutionNode = FALSE
	EndGlobalSection
EndGlobal
